{
    "_readme": [
        "This file locks the dependencies of your project to a known state",
        "Read more about it at https://getcomposer.org/doc/01-basic-usage.md#installing-dependencies",
        "This file is @generated automatically"
    ],
    "content-hash": "1537ed3cc9ea69b2d0b9a810fd24cfba",
    "packages": [
        {
            "name": "austinb/gameq",
            "version": "v3.0.15",
            "source": {
                "type": "git",
                "url": "https://github.com/Austinb/GameQ.git",
                "reference": "c62a7b46e5fe0149087d7f69cce146a31d457d3e"
            },
            "dist": {
                "type": "zip",
                "url": "https://api.github.com/repos/Austinb/GameQ/zipball/c62a7b46e5fe0149087d7f69cce146a31d457d3e",
                "reference": "c62a7b46e5fe0149087d7f69cce146a31d457d3e",
                "shasum": ""
            },
            "require": {
                "ext-bz2": "*",
                "ext-xml": "*",
                "php": ">=5.6.40"
            },
            "require-dev": {
                "corneltek/getoptionkit": "~2",
                "ext-curl": "*",
                "php-coveralls/php-coveralls": "^1.1 || ^2.1",
                "phpmd/phpmd": "@stable",
                "phpunit/php-invoker": "*",
                "phpunit/phpunit": "^4.8 || ^6.0 || ^7.0",
                "squizlabs/php_codesniffer": "3.*@stable"
            },
            "type": "library",
            "autoload": {
                "psr-4": {
                    "GameQ\\": "src/GameQ/"
                }
            },
            "notification-url": "https://packagist.org/downloads/",
            "license": [
                "LGPL-3.0+"
            ],
            "authors": [
                {
                    "name": "Austin Bischoff",
                    "email": "austin.bischoff@gmail.com",
                    "homepage": "https://github.com/Austinb",
                    "role": "Packagist/Composer Maintainer, Developer"
                },
                {
                    "name": "Christoph Kretzschmar",
                    "email": "blackskyliner@googlemail.com",
                    "homepage": "https://github.com/Blackskyliner",
                    "role": "Developer"
                },
                {
                    "name": "Marcel Bößendörfer",
                    "email": "m.boessendoerfer@marbis.net",
                    "homepage": "https://github.com/nitrado",
                    "role": "Developer"
                },
                {
                    "name": "Alexander Hambalgo",
                    "homepage": "http://balgo.users.sourceforge.net/",
                    "role": "Developer"
                },
                {
                    "name": "Holger",
                    "homepage": "http://icet33.users.sourceforge.net/",
                    "role": "Developer"
                },
                {
                    "name": "Sebastian Weidenbach",
                    "homepage": "http://sebastianwe.users.sourceforge.net/",
                    "role": "Developer"
                }
            ],
            "description": "GameQ Gameserver Library",
            "keywords": [
                "gameq",
                "serverstatus"
            ],
            "support": {
                "issues": "https://github.com/Austinb/GameQ/issues",
                "source": "https://github.com/Austinb/GameQ/v3",
                "wiki": "https://github.com/Austinb/GameQ/wiki"
            },
            "funding": [
                {
                    "url": "https://www.paypal.com/cgi-bin/webscr?cmd=_s-xclick&hosted_button_id=VAU2KADATP5PU",
                    "type": "custom"
                }
            ],
            "time": "2020-02-26T03:50:36+00:00"
        },
        {
            "name": "phpfastcache/phpfastcache",
            "version": "8.0.6",
            "source": {
                "type": "git",
                "url": "https://github.com/PHPSocialNetwork/phpfastcache.git",
                "reference": "c93bd7d341176b64b428953365ef67002af9f61e"
            },
            "dist": {
                "type": "zip",
                "url": "https://api.github.com/repos/PHPSocialNetwork/phpfastcache/zipball/c93bd7d341176b64b428953365ef67002af9f61e",
                "reference": "c93bd7d341176b64b428953365ef67002af9f61e",
                "shasum": ""
            },
            "require": {
                "ext-json": "*",
                "ext-mbstring": "*",
                "php": ">=7.3",
                "psr/cache": "~1.0.0",
                "psr/simple-cache": "~1.0.0"
            },
            "conflict": {
                "basho/riak": "*",
                "doctrine/couchdb": "*"
            },
            "require-dev": {
                "league/climate": "^3.5"
            },
            "suggest": {
                "ext-apc": "*",
                "ext-couchbase": "*",
                "ext-intl": "*",
                "ext-leveldb": "*",
                "ext-memcache": "*",
                "ext-memcached": "*",
                "ext-redis": "*",
                "ext-sqlite": "*",
                "ext-wincache": "*",
                "ext-xcache": "*",
                "mongodb/mongodb": "^1.1",
                "phpfastcache/couchdb": "~1.0.0",
                "phpfastcache/phpssdb": "~1.0.0",
                "phpfastcache/riak-client": "~1.4.4",
                "predis/predis": "~1.1.0"
            },
            "type": "library",
            "autoload": {
                "psr-4": {
                    "Phpfastcache\\": "lib/Phpfastcache/"
                }
            },
            "notification-url": "https://packagist.org/downloads/",
            "license": [
                "MIT"
            ],
            "authors": [
                {
                    "name": "Georges.L",
                    "email": "contact@geolim4.com",
                    "homepage": "https://github.com/Geolim4",
                    "role": "Actual Project Manager/Developer"
                },
                {
                    "name": "Khoa Bui",
                    "email": "khoaofgod@gmail.com",
                    "homepage": "https://www.phpfastcache.com",
                    "role": "Former Project Developer/Original Creator"
                }
            ],
            "description": "PHP Abstract Cache Class - Reduce your database call using cache system. PhpFastCache handles a lot of drivers such as Apc(u), Cassandra, CouchBase, Couchdb, Mongodb, Files, (P)redis, Leveldb, Memcache(d), Ssdb, Sqlite, Wincache, Xcache, Zend Data Cache.",
            "homepage": "https://www.phpfastcache.com",
            "keywords": [
                "LevelDb",
                "abstract",
                "apc",
                "apcu",
                "cache",
                "cache class",
                "caching",
                "cassandra",
                "cookie",
                "couchbase",
                "couchdb",
                "files cache",
                "memcache",
                "memcached",
                "mongodb",
                "mysql cache",
                "pdo cache",
                "php cache",
                "predis",
                "redis",
                "ssdb",
                "wincache",
                "xcache",
                "zend",
                "zend data cache",
                "zend disk cache",
                "zend memory cache",
                "zend server"
            ],
            "support": {
                "issues": "https://github.com/PHPSocialNetwork/phpfastcache/issues",
                "source": "https://github.com/PHPSocialNetwork/phpfastcache/tree/8.0.6"
            },
            "funding": [
                {
                    "url": "https://github.com/geolim4",
                    "type": "github"
                },
                {
                    "url": "https://www.patreon.com/geolim4",
                    "type": "patreon"
                }
            ],
            "time": "2021-07-07T14:21:56+00:00"
        },
        {
            "name": "psr/cache",
            "version": "1.0.1",
            "source": {
                "type": "git",
                "url": "https://github.com/php-fig/cache.git",
                "reference": "d11b50ad223250cf17b86e38383413f5a6764bf8"
            },
            "dist": {
                "type": "zip",
                "url": "https://api.github.com/repos/php-fig/cache/zipball/d11b50ad223250cf17b86e38383413f5a6764bf8",
                "reference": "d11b50ad223250cf17b86e38383413f5a6764bf8",
                "shasum": ""
            },
            "require": {
                "php": ">=5.3.0"
            },
            "type": "library",
            "extra": {
                "branch-alias": {
                    "dev-master": "1.0.x-dev"
                }
            },
            "autoload": {
                "psr-4": {
                    "Psr\\Cache\\": "src/"
                }
            },
            "notification-url": "https://packagist.org/downloads/",
            "license": [
                "MIT"
            ],
            "authors": [
                {
                    "name": "PHP-FIG",
                    "homepage": "http://www.php-fig.org/"
                }
            ],
            "description": "Common interface for caching libraries",
            "keywords": [
                "cache",
                "psr",
                "psr-6"
            ],
            "support": {
                "source": "https://github.com/php-fig/cache/tree/master"
            },
            "time": "2016-08-06T20:24:11+00:00"
        },
        {
            "name": "psr/simple-cache",
            "version": "1.0.1",
            "source": {
                "type": "git",
                "url": "https://github.com/php-fig/simple-cache.git",
                "reference": "408d5eafb83c57f6365a3ca330ff23aa4a5fa39b"
            },
            "dist": {
                "type": "zip",
                "url": "https://api.github.com/repos/php-fig/simple-cache/zipball/408d5eafb83c57f6365a3ca330ff23aa4a5fa39b",
                "reference": "408d5eafb83c57f6365a3ca330ff23aa4a5fa39b",
                "shasum": ""
            },
            "require": {
                "php": ">=5.3.0"
            },
            "type": "library",
            "extra": {
                "branch-alias": {
                    "dev-master": "1.0.x-dev"
                }
            },
            "autoload": {
                "psr-4": {
                    "Psr\\SimpleCache\\": "src/"
                }
            },
            "notification-url": "https://packagist.org/downloads/",
            "license": [
                "MIT"
            ],
            "authors": [
                {
                    "name": "PHP-FIG",
                    "homepage": "http://www.php-fig.org/"
                }
            ],
            "description": "Common interfaces for simple caching",
            "keywords": [
                "cache",
                "caching",
                "psr",
                "psr-16",
                "simple-cache"
            ],
            "support": {
                "source": "https://github.com/php-fig/simple-cache/tree/master"
            },
            "time": "2017-10-23T01:57:42+00:00"
        }
    ],
    "packages-dev": [],
    "aliases": [],
    "minimum-stability": "stable",
    "stability-flags": [],
    "prefer-stable": false,
    "prefer-lowest": false,
    "platform": {
        "php": "^7 || ^8"
    },
    "platform-dev": [],
    "plugin-api-version": "2.0.0"
}
